
Microsoft Visual Studio Solution File, Format Version 12.00
# Visual Studio 15
VisualStudioVersion = 15.0.34320.172
MinimumVisualStudioVersion = 10.0.40219.1
Project("{FAE04EC0-301F-11D3-BF4B-00C04F79EFBC}") = "Attendance", "Attendance\Attendance.csproj", "{DECCD8CE-1CCE-480F-AD46-BD2166AE3DD5}"
EndProject
Global
	GlobalSection(SolutionConfigurationPlatforms) = preSolution
		Debug|Any CPU = Debug|Any CPU
		Release|Any CPU = Release|Any CPU
	EndGlobalSection
	GlobalSection(ProjectConfigurationPlatforms) = postSolution
		{DECCD8CE-1CCE-480F-AD46-BD2166AE3DD5}.Debug|Any CPU.ActiveCfg = Debug|Any CPU
		{DECCD8CE-1CCE-480F-AD46-BD2166AE3DD5}.Debug|Any CPU.Build.0 = Debug|Any CPU
		{DECCD8CE-1CCE-480F-AD46-BD2166AE3DD5}.Release|Any CPU.ActiveCfg = Release|Any CPU
		{DECCD8CE-1CCE-480F-AD46-BD2166AE3DD5}.Release|Any CPU.Build.0 = Release|Any CPU
	EndGlobalSection
	GlobalSection(SolutionProperties) = preSolution
		HideSolutionNode = FALSE
	EndGlobalSection
	GlobalSection(ExtensibilityGlobals) = postSolution
		SolutionGuid = {EBE677AD-302C-424B-BFDF-0D11EA09A883}
	EndGlobalSection
EndGlobal
